
Microsoft Visual Studio Solution File, Format Version 12.00
# Visual Studio Version 17
VisualStudioVersion = 17.8.34330.188
MinimumVisualStudioVersion = 10.0.40219.1
Project("{FAE04EC0-301F-11D3-BF4B-00C04F79EFBC}") = "AspNetCoreCookieAuthentication", "AspNetCoreCookieAuthentication\AspNetCoreCookieAuthentication.csproj", "{4C747099-0984-4183-A5F1-C530E3EFD68F}"
EndProject
Global
	GlobalSection(SolutionConfigurationPlatforms) = preSolution
		Debug|Any CPU = Debug|Any CPU
		Release|Any CPU = Release|Any CPU
	EndGlobalSection
	GlobalSection(ProjectConfigurationPlatforms) = postSolution
		{4C747099-0984-4183-A5F1-C530E3EFD68F}.Debug|Any CPU.ActiveCfg = Debug|Any CPU
		{4C747099-0984-4183-A5F1-C530E3EFD68F}.Debug|Any CPU.Build.0 = Debug|Any CPU
		{4C747099-0984-4183-A5F1-C530E3EFD68F}.Release|Any CPU.ActiveCfg = Release|Any CPU
		{4C747099-0984-4183-A5F1-C530E3EFD68F}.Release|Any CPU.Build.0 = Release|Any CPU
	EndGlobalSection
	GlobalSection(SolutionProperties) = preSolution
		HideSolutionNode = FALSE
	EndGlobalSection
	GlobalSection(ExtensibilityGlobals) = postSolution
		SolutionGuid = {087164A4-5C01-4603-B53C-E4C1170F0C77}
	EndGlobalSection
EndGlobal
